
Microsoft Visual Studio Solution File, Format Version 12.00
# 
Project("{FAE04EC0-301F-11D3-BF4B-00C04F79EFBC}") = "WebApiDefault", "WebApiDefault\WebApiDefault.csproj", "{56B773F7-8ADB-468B-9E58-4DDAF75BF2A9}"
EndProject
Project("{FAE04EC0-301F-11D3-BF4B-00C04F79EFBC}") = "WebApiGenerics", "WebApiGenerics\WebApiGenerics.csproj", "{2B71E921-A4D9-4894-8F0C-5CECEF767196}"
EndProject
Global
	GlobalSection(SolutionConfigurationPlatforms) = preSolution
		Debug|Any CPU = Debug|Any CPU
		Release|Any CPU = Release|Any CPU
	EndGlobalSection
	GlobalSection(ProjectConfigurationPlatforms) = postSolution
		{56B773F7-8ADB-468B-9E58-4DDAF75BF2A9}.Debug|Any CPU.ActiveCfg = Debug|Any CPU
		{56B773F7-8ADB-468B-9E58-4DDAF75BF2A9}.Debug|Any CPU.Build.0 = Debug|Any CPU
		{56B773F7-8ADB-468B-9E58-4DDAF75BF2A9}.Release|Any CPU.ActiveCfg = Release|Any CPU
		{56B773F7-8ADB-468B-9E58-4DDAF75BF2A9}.Release|Any CPU.Build.0 = Release|Any CPU
		{2B71E921-A4D9-4894-8F0C-5CECEF767196}.Debug|Any CPU.ActiveCfg = Debug|Any CPU
		{2B71E921-A4D9-4894-8F0C-5CECEF767196}.Debug|Any CPU.Build.0 = Debug|Any CPU
		{2B71E921-A4D9-4894-8F0C-5CECEF767196}.Release|Any CPU.ActiveCfg = Release|Any CPU
		{2B71E921-A4D9-4894-8F0C-5CECEF767196}.Release|Any CPU.Build.0 = Release|Any CPU
	EndGlobalSection
EndGlobal
